
Microsoft Visual Studio Solution File, Format Version 12.00
# Visual Studio Version 16
VisualStudioVersion = 16.0.30002.166
MinimumVisualStudioVersion = 10.0.40219.1
Project("{9A19103F-16F7-4668-BE54-9A1E7A4F7556}") = "Traffic", "Traffic\Traffic.csproj", "{597B05F6-EFFA-41DF-A476-60C067E91034}"
EndProject
Project("{9A19103F-16F7-4668-BE54-9A1E7A4F7556}") = "TrafficService", "TrafficService\TrafficService.csproj", "{69DB337D-7C5F-4F11-907F-6EC2FF29BA7D}"
EndProject
Global
	GlobalSection(SolutionConfigurationPlatforms) = preSolution
		Debug|Any CPU = Debug|Any CPU
		Release|Any CPU = Release|Any CPU
	EndGlobalSection
	GlobalSection(ProjectConfigurationPlatforms) = postSolution
		{597B05F6-EFFA-41DF-A476-60C067E91034}.Debug|Any CPU.ActiveCfg = Debug|Any CPU
		{597B05F6-EFFA-41DF-A476-60C067E91034}.Debug|Any CPU.Build.0 = Debug|Any CPU
		{597B05F6-EFFA-41DF-A476-60C067E91034}.Release|Any CPU.ActiveCfg = Release|Any CPU
		{597B05F6-EFFA-41DF-A476-60C067E91034}.Release|Any CPU.Build.0 = Release|Any CPU
		{69DB337D-7C5F-4F11-907F-6EC2FF29BA7D}.Debug|Any CPU.ActiveCfg = Debug|Any CPU
		{69DB337D-7C5F-4F11-907F-6EC2FF29BA7D}.Debug|Any CPU.Build.0 = Debug|Any CPU
		{69DB337D-7C5F-4F11-907F-6EC2FF29BA7D}.Release|Any CPU.ActiveCfg = Release|Any CPU
		{69DB337D-7C5F-4F11-907F-6EC2FF29BA7D}.Release|Any CPU.Build.0 = Release|Any CPU
	EndGlobalSection
	GlobalSection(SolutionProperties) = preSolution
		HideSolutionNode = FALSE
	EndGlobalSection
	GlobalSection(ExtensibilityGlobals) = postSolution
		SolutionGuid = {379863E4-4436-481C-B903-5C70332F8379}
	EndGlobalSection
EndGlobal
